// !$*UTF8*$!
{
	archiveVersion = 1;
	classes = {
	};
	objectVersion = 50;
	objects = {

/* Begin PBXBuildFile section */
		84201C67245C7BCA00AC95A7 /* AppDelegate.swift in Sources */ = {isa = PBXBuildFile; fileRef = 84201C66245C7BCA00AC95A7 /* AppDelegate.swift */; };
		84201C69245C7BCA00AC95A7 /* SceneDelegate.swift in Sources */ = {isa = PBXBuildFile; fileRef = 84201C68245C7BCA00AC95A7 /* SceneDelegate.swift */; };
		84201C6B245C7BCA00AC95A7 /* ViewController.swift in Sources */ = {isa = PBXBuildFile; fileRef = 84201C6A245C7BCA00AC95A7 /* ViewController.swift */; };
		84201C6E245C7BCA00AC95A7 /* Main.storyboard in Resources */ = {isa = PBXBuildFile; fileRef = 84201C6C245C7BCA00AC95A7 /* Main.storyboard */; };
		84201C70245C7BCD00AC95A7 /* Assets.xcassets in Resources */ = {isa = PBXBuildFile; fileRef = 84201C6F245C7BCD00AC95A7 /* Assets.xcassets */; };
		84201C73245C7BCD00AC95A7 /* LaunchScreen.storyboard in Resources */ = {isa = PBXBuildFile; fileRef = 84201C71245C7BCD00AC95A7 /* LaunchScreen.storyboard */; };
		84201C7E245C7BCD00AC95A7 /* iOS_Assignment2Tests.swift in Sources */ = {isa = PBXBuildFile; fileRef = 84201C7D245C7BCD00AC95A7 /* iOS_Assignment2Tests.swift */; };
		84201C89245C7BCE00AC95A7 /* iOS_Assignment2UITests.swift in Sources */ = {isa = PBXBuildFile; fileRef = 84201C88245C7BCE00AC95A7 /* iOS_Assignment2UITests.swift */; };
/* End PBXBuildFile section */

/* Begin PBXContainerItemProxy section */
		84201C7A245C7BCD00AC95A7 /* PBXContainerItemProxy */ = {
			isa = PBXContainerItemProxy;
			containerPortal = 84201C5B245C7BCA00AC95A7 /* Project object */;
			proxyType = 1;
			remoteGlobalIDString = 84201C62245C7BCA00AC95A7;
			remoteInfo = "iOS-Assignment2";
		};
		84201C85245C7BCE00AC95A7 /* PBXContainerItemProxy */ = {
			isa = PBXContainerItemProxy;
			containerPortal = 84201C5B245C7BCA00AC95A7 /* Project object */;
			proxyType = 1;
			remoteGlobalIDString = 84201C62245C7BCA00AC95A7;
			remoteInfo = "iOS-Assignment2";
		};
/* End PBXContainerItemProxy section */

/* Begin PBXFileReference section */
		84201C63245C7BCA00AC95A7 /* iOS-Assignment2.app */ = {isa = PBXFileReference; explicitFileType = wrapper.application; includeInIndex = 0; path = "iOS-Assignment2.app"; sourceTree = BUILT_PRODUCTS_DIR; };
		84201C66245C7BCA00AC95A7 /* AppDelegate.swift */ = {isa = PBXFileReference; lastKnownFileType = sourcecode.swift; path = AppDelegate.swift; sourceTree = "<group>"; };
		84201C68245C7BCA00AC95A7 /* SceneDelegate.swift */ = {isa = PBXFileReference; lastKnownFileType = sourcecode.swift; path = SceneDelegate.swift; sourceTree = "<group>"; };
		84201C6A245C7BCA00AC95A7 /* ViewController.swift */ = {isa = PBXFileReference; lastKnownFileType = sourcecode.swift; path = ViewController.swift; sourceTree = "<group>"; };
		84201C6D245C7BCA00AC95A7 /* Base */ = {isa = PBXFileReference; lastKnownFileType = file.storyboard; name = Base; path = Base.lproj/Main.storyboard; sourceTree = "<group>"; };
		84201C6F245C7BCD00AC95A7 /* Assets.xcassets */ = {isa = PBXFileReference; lastKnownFileType = folder.assetcatalog; path = Assets.xcassets; sourceTree = "<group>"; };
		84201C72245C7BCD00AC95A7 /* Base */ = {isa = PBXFileReference; lastKnownFileType = file.storyboard; name = Base; path = Base.lproj/LaunchScreen.storyboard; sourceTree = "<group>"; };
		84201C74245C7BCD00AC95A7 /* Info.plist */ = {isa = PBXFileReference; lastKnownFileType = text.plist.xml; path = Info.plist; sourceTree = "<group>"; };
		84201C79245C7BCD00AC95A7 /* iOS-Assignment2Tests.xctest */ = {isa = PBXFileReference; explicitFileType = wrapper.cfbundle; includeInIndex = 0; path = "iOS-Assignment2Tests.xctest"; sourceTree = BUILT_PRODUCTS_DIR; };
		84201C7D245C7BCD00AC95A7 /* iOS_Assignment2Tests.swift */ = {isa = PBXFileReference; lastKnownFileType = sourcecode.swift; path = iOS_Assignment2Tests.swift; sourceTree = "<group>"; };
		84201C7F245C7BCD00AC95A7 /* Info.plist */ = {isa = PBXFileReference; lastKnownFileType = text.plist.xml; path = Info.plist; sourceTree = "<group>"; };
		84201C84245C7BCE00AC95A7 /* iOS-Assignment2UITests.xctest */ = {isa = PBXFileReference; explicitFileType = wrapper.cfbundle; includeInIndex = 0; path = "iOS-Assignment2UITests.xctest"; sourceTree = BUILT_PRODUCTS_DIR; };
		84201C88245C7BCE00AC95A7 /* iOS_Assignment2UITests.swift */ = {isa = PBXFileReference; lastKnownFileType = sourcecode.swift; path = iOS_Assignment2UITests.swift; sourceTree = "<group>"; };
		84201C8A245C7BCE00AC95A7 /* Info.plist */ = {isa = PBXFileReference; lastKnownFileType = text.plist.xml; path = Info.plist; sourceTree = "<group>"; };
/* End PBXFileReference section */

/* Begin PBXFrameworksBuildPhase section */
		84201C60245C7BCA00AC95A7 /* Frameworks */ = {
			isa = PBXFrameworksBuildPhase;
			buildActionMask = 2147483647;
			files = (
			);
			runOnlyForDeploymentPostprocessing = 0;
		};
		84201C76245C7BCD00AC95A7 /* Frameworks */ = {
			isa = PBXFrameworksBuildPhase;
			buildActionMask = 2147483647;
			files = (
			);
			runOnlyForDeploymentPostprocessing = 0;
		};
		84201C81245C7BCE00AC95A7 /* Frameworks */ = {
			isa = PBXFrameworksBuildPhase;
			buildActionMask = 2147483647;
			files = (
			);
			runOnlyForDeploymentPostprocessing = 0;
		};
/* End PBXFrameworksBuildPhase section */

/* Begin PBXGroup section */
		84201C5A245C7BCA00AC95A7 = {
			isa = PBXGroup;
			children = (
				84201C65245C7BCA00AC95A7 /* iOS-Assignment2 */,
				84201C7C245C7BCD00AC95A7 /* iOS-Assignment2Tests */,
				84201C87245C7BCE00AC95A7 /* iOS-Assignment2UITests */,
				84201C64245C7BCA00AC95A7 /* Products */,
			);
			sourceTree = "<group>";
		};
		84201C64245C7BCA00AC95A7 /* Products */ = {
			isa = PBXGroup;
			children = (
				84201C63245C7BCA00AC95A7 /* iOS-Assignment2.app */,
				84201C79245C7BCD00AC95A7 /* iOS-Assignment2Tests.xctest */,
				84201C84245C7BCE00AC95A7 /* iOS-Assignment2UITests.xctest */,
			);
			name = Products;
			sourceTree = "<group>";
		};
		84201C65245C7BCA00AC95A7 /* iOS-Assignment2 */ = {
			isa = PBXGroup;
			children = (
				84201C66245C7BCA00AC95A7 /* AppDelegate.swift */,
				84201C68245C7BCA00AC95A7 /* SceneDelegate.swift */,
				84201C6A245C7BCA00AC95A7 /* ViewController.swift */,
				84201C6C245C7BCA00AC95A7 /* Main.storyboard */,
				84201C6F245C7BCD00AC95A7 /* Assets.xcassets */,
				84201C71245C7BCD00AC95A7 /* LaunchScreen.storyboard */,
				84201C74245C7BCD00AC95A7 /* Info.plist */,
			);
			path = "iOS-Assignment2";
			sourceTree = "<group>";
		};
		84201C7C245C7BCD00AC95A7 /* iOS-Assignment2Tests */ = {
			isa = PBXGroup;
			children = (
				84201C7D245C7BCD00AC95A7 /* iOS_Assignment2Tests.swift */,
				84201C7F245C7BCD00AC95A7 /* Info.plist */,
			);
			path = "iOS-Assignment2Tests";
			sourceTree = "<group>";
		};
		84201C87245C7BCE00AC95A7 /* iOS-Assignment2UITests */ = {
			isa = PBXGroup;
			children = (
				84201C88245C7BCE00AC95A7 /* iOS_Assignment2UITests.swift */,
				84201C8A245C7BCE00AC95A7 /* Info.plist */,
			);
			path = "iOS-Assignment2UITests";
			sourceTree = "<group>";
		};
/* End PBXGroup section */

/* Begin PBXNativeTarget section */
		84201C62245C7BCA00AC95A7 /* iOS-Assignment2 */ = {
			isa = PBXNativeTarget;
			buildConfigurationList = 84201C8D245C7BCE00AC95A7 /* Build configuration list for PBXNativeTarget "iOS-Assignment2" */;
			buildPhases = (
				84201C5F245C7BCA00AC95A7 /* Sources */,
				84201C60245C7BCA00AC95A7 /* Frameworks */,
				84201C61245C7BCA00AC95A7 /* Resources */,
			);
			buildRules = (
			);
			dependencies = (
			);
			name = "iOS-Assignment2";
			productName = "iOS-Assignment2";
			productReference = 84201C63245C7BCA00AC95A7 /* iOS-Assignment2.app */;
			productType = "com.apple.product-type.application";
		};
		84201C78245C7BCD00AC95A7 /* iOS-Assignment2Tests */ = {
			isa = PBXNativeTarget;
			buildConfigurationList = 84201C90245C7BCE00AC95A7 /* Build configuration list for PBXNativeTarget "iOS-Assignment2Tests" */;
			buildPhases = (
				84201C75245C7BCD00AC95A7 /* Sources */,
				84201C76245C7BCD00AC95A7 /* Frameworks */,
				84201C77245C7BCD00AC95A7 /* Resources */,
			);
			buildRules = (
			);
			dependencies = (
				84201C7B245C7BCD00AC95A7 /* PBXTargetDependency */,
			);
			name = "iOS-Assignment2Tests";
			productName = "iOS-Assignment2Tests";
			productReference = 84201C79245C7BCD00AC95A7 /* iOS-Assignment2Tests.xctest */;
			productType = "com.apple.product-type.bundle.unit-test";
		};
		84201C83245C7BCE00AC95A7 /* iOS-Assignment2UITests */ = {
			isa = PBXNativeTarget;
			buildConfigurationList = 84201C93245C7BCE00AC95A7 /* Build configuration list for PBXNativeTarget "iOS-Assignment2UITests" */;
			buildPhases = (
				84201C80245C7BCE00AC95A7 /* Sources */,
				84201C81245C7BCE00AC95A7 /* Frameworks */,
				84201C82245C7BCE00AC95A7 /* Resources */,
			);
			buildRules = (
			);
			dependencies = (
				84201C86245C7BCE00AC95A7 /* PBXTargetDependency */,
			);
			name = "iOS-Assignment2UITests";
			productName = "iOS-Assignment2UITests";
			productReference = 84201C84245C7BCE00AC95A7 /* iOS-Assignment2UITests.xctest */;
			productType = "com.apple.product-type.bundle.ui-testing";
		};
/* End PBXNativeTarget section */

/* Begin PBXProject section */
		84201C5B245C7BCA00AC95A7 /* Project object */ = {
			isa = PBXProject;
			attributes = {
				LastSwiftUpdateCheck = 1140;
				LastUpgradeCheck = 1140;
				ORGANIZATIONNAME = Administlator;
				TargetAttributes = {
					84201C62245C7BCA00AC95A7 = {
						CreatedOnToolsVersion = 11.4;
					};
					84201C78245C7BCD00AC95A7 = {
						CreatedOnToolsVersion = 11.4;
						TestTargetID = 84201C62245C7BCA00AC95A7;
					};
					84201C83245C7BCE00AC95A7 = {
						CreatedOnToolsVersion = 11.4;
						TestTargetID = 84201C62245C7BCA00AC95A7;
					};
				};
			};
			buildConfigurationList = 84201C5E245C7BCA00AC95A7 /* Build configuration list for PBXProject "iOS-Assignment2" */;
			compatibilityVersion = "Xcode 9.3";
			developmentRegion = en;
			hasScannedForEncodings = 0;
			knownRegions = (
				en,
				Base,
			);
			mainGroup = 84201C5A245C7BCA00AC95A7;
			productRefGroup = 84201C64245C7BCA00AC95A7 /* Products */;
			projectDirPath = "";
			projectRoot = "";
			targets = (
				84201C62245C7BCA00AC95A7 /* iOS-Assignment2 */,
				84201C78245C7BCD00AC95A7 /* iOS-Assignment2Tests */,
				84201C83245C7BCE00AC95A7 /* iOS-Assignment2UITests */,
			);
		};
/* End PBXProject section */

/* Begin PBXResourcesBuildPhase section */
		84201C61245C7BCA00AC95A7 /* Resources */ = {
			isa = PBXResourcesBuildPhase;
			buildActionMask = 2147483647;
			files = (
				84201C73245C7BCD00AC95A7 /* LaunchScreen.storyboard in Resources */,
				84201C70245C7BCD00AC95A7 /* Assets.xcassets in Resources */,
				84201C6E245C7BCA00AC95A7 /* Main.storyboard in Resources */,
			);
			runOnlyForDeploymentPostprocessing = 0;
		};
		84201C77245C7BCD00AC95A7 /* Resources */ = {
			isa = PBXResourcesBuildPhase;
			buildActionMask = 2147483647;
			files = (
			);
			runOnlyForDeploymentPostprocessing = 0;
		};
		84201C82245C7BCE00AC95A7 /* Resources */ = {
			isa = PBXResourcesBuildPhase;
			buildActionMask = 2147483647;
			files = (
			);
			runOnlyForDeploymentPostprocessing = 0;
		};
/* End PBXResourcesBuildPhase section */

/* Begin PBXSourcesBuildPhase section */
		84201C5F245C7BCA00AC95A7 /* Sources */ = {
			isa = PBXSourcesBuildPhase;
			buildActionMask = 2147483647;
			files = (
				84201C6B245C7BCA00AC95A7 /* ViewController.swift in Sources */,
				84201C67245C7BCA00AC95A7 /* AppDelegate.swift in Sources */,
				84201C69245C7BCA00AC95A7 /* SceneDelegate.swift in Sources */,
			);
			runOnlyForDeploymentPostprocessing = 0;
		};
		84201C75245C7BCD00AC95A7 /* Sources */ = {
			isa = PBXSourcesBuildPhase;
			buildActionMask = 2147483647;
			files = (
				84201C7E245C7BCD00AC95A7 /* iOS_Assignment2Tests.swift in Sources */,
			);
			runOnlyForDeploymentPostprocessing = 0;
		};
		84201C80245C7BCE00AC95A7 /* Sources */ = {
			isa = PBXSourcesBuildPhase;
			buildActionMask = 2147483647;
			files = (
				84201C89245C7BCE00AC95A7 /* iOS_Assignment2UITests.swift in Sources */,
			);
			runOnlyForDeploymentPostprocessing = 0;
		};
/* End PBXSourcesBuildPhase section */

/* Begin PBXTargetDependency section */
		84201C7B245C7BCD00AC95A7 /* PBXTargetDependency */ = {
			isa = PBXTargetDependency;
			target = 84201C62245C7BCA00AC95A7 /* iOS-Assignment2 */;
			targetProxy = 84201C7A245C7BCD00AC95A7 /* PBXContainerItemProxy */;
		};
		84201C86245C7BCE00AC95A7 /* PBXTargetDependency */ = {
			isa = PBXTargetDependency;
			target = 84201C62245C7BCA00AC95A7 /* iOS-Assignment2 */;
			targetProxy = 84201C85245C7BCE00AC95A7 /* PBXContainerItemProxy */;
		};
/* End PBXTargetDependency section */

/* Begin PBXVariantGroup section */
		84201C6C245C7BCA00AC95A7 /* Main.storyboard */ = {
			isa = PBXVariantGroup;
			children = (
				84201C6D245C7BCA00AC95A7 /* Base */,
			);
			name = Main.storyboard;
			sourceTree = "<group>";
		};
		84201C71245C7BCD00AC95A7 /* LaunchScreen.storyboard */ = {
			isa = PBXVariantGroup;
			children = (
				84201C72245C7BCD00AC95A7 /* Base */,
			);
			name = LaunchScreen.storyboard;
			sourceTree = "<group>";
		};
/* End PBXVariantGroup section */

/* Begin XCBuildConfiguration section */
		84201C8B245C7BCE00AC95A7 /* Debug */ = {
			isa = XCBuildConfiguration;
			buildSettings = {
				ALWAYS_SEARCH_USER_PATHS = NO;
				CLANG_ANALYZER_NONNULL = YES;
				CLANG_ANALYZER_NUMBER_OBJECT_CONVERSION = YES_AGGRESSIVE;
				CLANG_CXX_LANGUAGE_STANDARD = "gnu++14";
				CLANG_CXX_LIBRARY = "libc++";
				CLANG_ENABLE_MODULES = YES;
				CLANG_ENABLE_OBJC_ARC = YES;
				CLANG_ENABLE_OBJC_WEAK = YES;
				CLANG_WARN_BLOCK_CAPTURE_AUTORELEASING = YES;
				CLANG_WARN_BOOL_CONVERSION = YES;
				CLANG_WARN_COMMA = YES;
				CLANG_WARN_CONSTANT_CONVERSION = YES;
				CLANG_WARN_DEPRECATED_OBJC_IMPLEMENTATIONS = YES;
				CLANG_WARN_DIRECT_OBJC_ISA_USAGE = YES_ERROR;
				CLANG_WARN_DOCUMENTATION_COMMENTS = YES;
				CLANG_WARN_EMPTY_BODY = YES;
				CLANG_WARN_ENUM_CONVERSION = YES;
				CLANG_WARN_INFINITE_RECURSION = YES;
				CLANG_WARN_INT_CONVERSION = YES;
				CLANG_WARN_NON_LITERAL_NULL_CONVERSION = YES;
				CLANG_WARN_OBJC_IMPLICIT_RETAIN_SELF = YES;
				CLANG_WARN_OBJC_LITERAL_CONVERSION = YES;
				CLANG_WARN_OBJC_ROOT_CLASS = YES_ERROR;
				CLANG_WARN_RANGE_LOOP_ANALYSIS = YES;
				CLANG_WARN_STRICT_PROTOTYPES = YES;
				CLANG_WARN_SUSPICIOUS_MOVE = YES;
				CLANG_WARN_UNGUARDED_AVAILABILITY = YES_AGGRESSIVE;
				CLANG_WARN_UNREACHABLE_CODE = YES;
				CLANG_WARN__DUPLICATE_METHOD_MATCH = YES;
				COPY_PHASE_STRIP = NO;
				DEBUG_INFORMATION_FORMAT = dwarf;
				ENABLE_STRICT_OBJC_MSGSEND = YES;
				ENABLE_TESTABILITY = YES;
				GCC_C_LANGUAGE_STANDARD = gnu11;
				GCC_DYNAMIC_NO_PIC = NO;
				GCC_NO_COMMON_BLOCKS = YES;
				GCC_OPTIMIZATION_LEVEL = 0;
				GCC_PREPROCESSOR_DEFINITIONS = (
					"DEBUG=1",
					"$(inherited)",
				);
				GCC_WARN_64_TO_32_BIT_CONVERSION = YES;
				GCC_WARN_ABOUT_RETURN_TYPE = YES_ERROR;
				GCC_WARN_UNDECLARED_SELECTOR = YES;
				GCC_WARN_UNINITIALIZED_AUTOS = YES_AGGRESSIVE;
				GCC_WARN_UNUSED_FUNCTION = YES;
				GCC_WARN_UNUSED_VARIABLE = YES;
				IPHONEOS_DEPLOYMENT_TARGET = 13.4;
				MTL_ENABLE_DEBUG_INFO = INCLUDE_SOURCE;
				MTL_FAST_MATH = YES;
				ONLY_ACTIVE_ARCH = YES;
				SDKROOT = iphoneos;
				SWIFT_ACTIVE_COMPILATION_CONDITIONS = DEBUG;
				SWIFT_OPTIMIZATION_LEVEL = "-Onone";
			};
			name = Debug;
		};
		84201C8C245C7BCE00AC95A7 /* Release */ = {
			isa = XCBuildConfiguration;
			buildSettings = {
				ALWAYS_SEARCH_USER_PATHS = NO;
				CLANG_ANALYZER_NONNULL = YES;
				CLANG_ANALYZER_NUMBER_OBJECT_CONVERSION = YES_AGGRESSIVE;
				CLANG_CXX_LANGUAGE_STANDARD = "gnu++14";
				CLANG_CXX_LIBRARY = "libc++";
				CLANG_ENABLE_MODULES = YES;
				CLANG_ENABLE_OBJC_ARC = YES;
				CLANG_ENABLE_OBJC_WEAK = YES;
				CLANG_WARN_BLOCK_CAPTURE_AUTORELEASING = YES;
				CLANG_WARN_BOOL_CONVERSION = YES;
				CLANG_WARN_COMMA = YES;
				CLANG_WARN_CONSTANT_CONVERSION = YES;
				CLANG_WARN_DEPRECATED_OBJC_IMPLEMENTATIONS = YES;
				CLANG_WARN_DIRECT_OBJC_ISA_USAGE = YES_ERROR;
				CLANG_WARN_DOCUMENTATION_COMMENTS = YES;
				CLANG_WARN_EMPTY_BODY = YES;
				CLANG_WARN_ENUM_CONVERSION = YES;
				CLANG_WARN_INFINITE_RECURSION = YES;
				CLANG_WARN_INT_CONVERSION = YES;
				CLANG_WARN_NON_LITERAL_NULL_CONVERSION = YES;
				CLANG_WARN_OBJC_IMPLICIT_RETAIN_SELF = YES;
				CLANG_WARN_OBJC_LITERAL_CONVERSION = YES;
				CLANG_WARN_OBJC_ROOT_CLASS = YES_ERROR;
				CLANG_WARN_RANGE_LOOP_ANALYSIS = YES;
				CLANG_WARN_STRICT_PROTOTYPES = YES;
				CLANG_WARN_SUSPICIOUS_MOVE = YES;
				CLANG_WARN_UNGUARDED_AVAILABILITY = YES_AGGRESSIVE;
				CLANG_WARN_UNREACHABLE_CODE = YES;
				CLANG_WARN__DUPLICATE_METHOD_MATCH = YES;
				COPY_PHASE_STRIP = NO;
				DEBUG_INFORMATION_FORMAT = "dwarf-with-dsym";
				ENABLE_NS_ASSERTIONS = NO;
				ENABLE_STRICT_OBJC_MSGSEND = YES;
				GCC_C_LANGUAGE_STANDARD = gnu11;
				GCC_NO_COMMON_BLOCKS = YES;
				GCC_WARN_64_TO_32_BIT_CONVERSION = YES;
				GCC_WARN_ABOUT_RETURN_TYPE = YES_ERROR;
				GCC_WARN_UNDECLARED_SELECTOR = YES;
				GCC_WARN_UNINITIALIZED_AUTOS = YES_AGGRESSIVE;
				GCC_WARN_UNUSED_FUNCTION = YES;
				GCC_WARN_UNUSED_VARIABLE = YES;
				IPHONEOS_DEPLOYMENT_TARGET = 13.4;
				MTL_ENABLE_DEBUG_INFO = NO;
				MTL_FAST_MATH = YES;
				SDKROOT = iphoneos;
				SWIFT_COMPILATION_MODE = wholemodule;
				SWIFT_OPTIMIZATION_LEVEL = "-O";
				VALIDATE_PRODUCT = YES;
			};
			name = Release;
		};
		84201C8E245C7BCE00AC95A7 /* Debug */ = {
			isa = XCBuildConfiguration;
			buildSettings = {
				ASSETCATALOG_COMPILER_APPICON_NAME = AppIcon;
				CODE_SIGN_STYLE = Automatic;
				DEVELOPMENT_TEAM = P56BBK28XQ;
				INFOPLIST_FILE = "iOS-Assignment2/Info.plist";
				LD_RUNPATH_SEARCH_PATHS = (
					"$(inherited)",
					"@executable_path/Frameworks",
				);
				PRODUCT_BUNDLE_IDENTIFIER = "com.version-1.iOS-Assignment2";
				PRODUCT_NAME = "$(TARGET_NAME)";
				SWIFT_VERSION = 5.0;
				TARGETED_DEVICE_FAMILY = 2;
			};
			name = Debug;
		};
		84201C8F245C7BCE00AC95A7 /* Release */ = {
			isa = XCBuildConfiguration;
			buildSettings = {
				ASSETCATALOG_COMPILER_APPICON_NAME = AppIcon;
				CODE_SIGN_STYLE = Automatic;
				DEVELOPMENT_TEAM = P56BBK28XQ;
				INFOPLIST_FILE = "iOS-Assignment2/Info.plist";
				LD_RUNPATH_SEARCH_PATHS = (
					"$(inherited)",
					"@executable_path/Frameworks",
				);
				PRODUCT_BUNDLE_IDENTIFIER = "com.version-1.iOS-Assignment2";
				PRODUCT_NAME = "$(TARGET_NAME)";
				SWIFT_VERSION = 5.0;
				TARGETED_DEVICE_FAMILY = 2;
			};
			name = Release;
		};
		84201C91245C7BCE00AC95A7 /* Debug */ = {
			isa = XCBuildConfiguration;
			buildSettings = {
				ALWAYS_EMBED_SWIFT_STANDARD_LIBRARIES = YES;
				BUNDLE_LOADER = "$(TEST_HOST)";
				CODE_SIGN_STYLE = Automatic;
				DEVELOPMENT_TEAM = P56BBK28XQ;
				INFOPLIST_FILE = "iOS-Assignment2Tests/Info.plist";
				IPHONEOS_DEPLOYMENT_TARGET = 13.4;
				LD_RUNPATH_SEARCH_PATHS = (
					"$(inherited)",
					"@executable_path/Frameworks",
					"@loader_path/Frameworks",
				);
				PRODUCT_BUNDLE_IDENTIFIER = "com.version-1.iOS-Assignment2Tests";
				PRODUCT_NAME = "$(TARGET_NAME)";
				SWIFT_VERSION = 5.0;
				TARGETED_DEVICE_FAMILY = "1,2";
				TEST_HOST = "$(BUILT_PRODUCTS_DIR)/iOS-Assignment2.app/iOS-Assignment2";
			};
			name = Debug;
		};
		84201C92245C7BCE00AC95A7 /* Release */ = {
			isa = XCBuildConfiguration;
			buildSettings = {
				ALWAYS_EMBED_SWIFT_STANDARD_LIBRARIES = YES;
				BUNDLE_LOADER = "$(TEST_HOST)";
				CODE_SIGN_STYLE = Automatic;
				DEVELOPMENT_TEAM = P56BBK28XQ;
				INFOPLIST_FILE = "iOS-Assignment2Tests/Info.plist";
				IPHONEOS_DEPLOYMENT_TARGET = 13.4;
				LD_RUNPATH_SEARCH_PATHS = (
					"$(inherited)",
					"@executable_path/Frameworks",
					"@loader_path/Frameworks",
				);
				PRODUCT_BUNDLE_IDENTIFIER = "com.version-1.iOS-Assignment2Tests";
				PRODUCT_NAME = "$(TARGET_NAME)";
				SWIFT_VERSION = 5.0;
				TARGETED_DEVICE_FAMILY = "1,2";
				TEST_HOST = "$(BUILT_PRODUCTS_DIR)/iOS-Assignment2.app/iOS-Assignment2";
			};
			name = Release;
		};
		84201C94245C7BCE00AC95A7 /* Debug */ = {
			isa = XCBuildConfiguration;
			buildSettings = {
				ALWAYS_EMBED_SWIFT_STANDARD_LIBRARIES = YES;
				CODE_SIGN_STYLE = Automatic;
				DEVELOPMENT_TEAM = P56BBK28XQ;
				INFOPLIST_FILE = "iOS-Assignment2UITests/Info.plist";
				LD_RUNPATH_SEARCH_PATHS = (
					"$(inherited)",
					"@executable_path/Frameworks",
					"@loader_path/Frameworks",
				);
				PRODUCT_BUNDLE_IDENTIFIER = "com.version-1.iOS-Assignment2UITests";
				PRODUCT_NAME = "$(TARGET_NAME)";
				SWIFT_VERSION = 5.0;
				TARGETED_DEVICE_FAMILY = "1,2";
				TEST_TARGET_NAME = "iOS-Assignment2";
			};
			name = Debug;
		};
		84201C95245C7BCE00AC95A7 /* Release */ = {
			isa = XCBuildConfiguration;
			buildSettings = {
				ALWAYS_EMBED_SWIFT_STANDARD_LIBRARIES = YES;
				CODE_SIGN_STYLE = Automatic;
				DEVELOPMENT_TEAM = P56BBK28XQ;
				INFOPLIST_FILE = "iOS-Assignment2UITests/Info.plist";
				LD_RUNPATH_SEARCH_PATHS = (
					"$(inherited)",
					"@executable_path/Frameworks",
					"@loader_path/Frameworks",
				);
				PRODUCT_BUNDLE_IDENTIFIER = "com.version-1.iOS-Assignment2UITests";
				PRODUCT_NAME = "$(TARGET_NAME)";
				SWIFT_VERSION = 5.0;
				TARGETED_DEVICE_FAMILY = "1,2";
				TEST_TARGET_NAME = "iOS-Assignment2";
			};
			name = Release;
		};
/* End XCBuildConfiguration section */

/* Begin XCConfigurationList section */
		84201C5E245C7BCA00AC95A7 /* Build configuration list for PBXProject "iOS-Assignment2" */ = {
			isa = XCConfigurationList;
			buildConfigurations = (
				84201C8B245C7BCE00AC95A7 /* Debug */,
				84201C8C245C7BCE00AC95A7 /* Release */,
			);
			defaultConfigurationIsVisible = 0;
			defaultConfigurationName = Release;
		};
		84201C8D245C7BCE00AC95A7 /* Build configuration list for PBXNativeTarget "iOS-Assignment2" */ = {
			isa = XCConfigurationList;
			buildConfigurations = (
				84201C8E245C7BCE00AC95A7 /* Debug */,
				84201C8F245C7BCE00AC95A7 /* Release */,
			);
			defaultConfigurationIsVisible = 0;
			defaultConfigurationName = Release;
		};
		84201C90245C7BCE00AC95A7 /* Build configuration list for PBXNativeTarget "iOS-Assignment2Tests" */ = {
			isa = XCConfigurationList;
			buildConfigurations = (
				84201C91245C7BCE00AC95A7 /* Debug */,
				84201C92245C7BCE00AC95A7 /* Release */,
			);
			defaultConfigurationIsVisible = 0;
			defaultConfigurationName = Release;
		};
		84201C93245C7BCE00AC95A7 /* Build configuration list for PBXNativeTarget "iOS-Assignment2UITests" */ = {
			isa = XCConfigurationList;
			buildConfigurations = (
				84201C94245C7BCE00AC95A7 /* Debug */,
				84201C95245C7BCE00AC95A7 /* Release */,
			);
			defaultConfigurationIsVisible = 0;
			defaultConfigurationName = Release;
		};
/* End XCConfigurationList section */
	};
	rootObject = 84201C5B245C7BCA00AC95A7 /* Project object */;
}
